
Microsoft Visual Studio Solution File, Format Version 12.00
# Visual Studio 2012
Project("{FAE04EC0-301F-11D3-BF4B-00C04F79EFBC}") = "MyWeatherApp.Android", "MyWeatherApp.Android\MyWeatherApp.Android.csproj", "{359FB32F-DC3E-4A98-80F2-B049B9A71D1F}"
EndProject
Project("{FAE04EC0-301F-11D3-BF4B-00C04F79EFBC}") = "MyWeatherApp.iOS", "MyWeatherApp.iOS\MyWeatherApp.iOS.csproj", "{6B243D2C-B96B-4977-9A38-B7FD94A2436D}"
EndProject
Project("{FAE04EC0-301F-11D3-BF4B-00C04F79EFBC}") = "MyWeatherApp.UITests", "MyWeatherApp.UITests\MyWeatherApp.UITests.csproj", "{B19C892E-2628-4CA7-AD27-08D406A3B14B}"
EndProject
Project("{FAE04EC0-301F-11D3-BF4B-00C04F79EFBC}") = "MyWeatherApp", "MyWeatherApp\MyWeatherApp.csproj", "{1D28EB58-6183-4362-8851-F5246E1F9B4F}"
EndProject
Global
	GlobalSection(SolutionConfigurationPlatforms) = preSolution
		Debug|Any CPU = Debug|Any CPU
		Release|Any CPU = Release|Any CPU
		Debug|iPhoneSimulator = Debug|iPhoneSimulator
		Release|iPhoneSimulator = Release|iPhoneSimulator
		Debug|iPhone = Debug|iPhone
		Release|iPhone = Release|iPhone
		Ad-Hoc|iPhone = Ad-Hoc|iPhone
		AppStore|iPhone = AppStore|iPhone
	EndGlobalSection
	GlobalSection(ProjectConfigurationPlatforms) = postSolution
		{359FB32F-DC3E-4A98-80F2-B049B9A71D1F}.Debug|Any CPU.ActiveCfg = Debug|Any CPU
		{359FB32F-DC3E-4A98-80F2-B049B9A71D1F}.Debug|Any CPU.Build.0 = Debug|Any CPU
		{359FB32F-DC3E-4A98-80F2-B049B9A71D1F}.Release|Any CPU.ActiveCfg = Release|Any CPU
		{359FB32F-DC3E-4A98-80F2-B049B9A71D1F}.Release|Any CPU.Build.0 = Release|Any CPU
		{359FB32F-DC3E-4A98-80F2-B049B9A71D1F}.Debug|iPhoneSimulator.ActiveCfg = Debug|Any CPU
		{359FB32F-DC3E-4A98-80F2-B049B9A71D1F}.Debug|iPhoneSimulator.Build.0 = Debug|Any CPU
		{359FB32F-DC3E-4A98-80F2-B049B9A71D1F}.Release|iPhoneSimulator.ActiveCfg = Release|Any CPU
		{359FB32F-DC3E-4A98-80F2-B049B9A71D1F}.Release|iPhoneSimulator.Build.0 = Release|Any CPU
		{359FB32F-DC3E-4A98-80F2-B049B9A71D1F}.Debug|iPhone.ActiveCfg = Debug|Any CPU
		{359FB32F-DC3E-4A98-80F2-B049B9A71D1F}.Debug|iPhone.Build.0 = Debug|Any CPU
		{359FB32F-DC3E-4A98-80F2-B049B9A71D1F}.Release|iPhone.ActiveCfg = Release|Any CPU
		{359FB32F-DC3E-4A98-80F2-B049B9A71D1F}.Release|iPhone.Build.0 = Release|Any CPU
		{359FB32F-DC3E-4A98-80F2-B049B9A71D1F}.Ad-Hoc|iPhone.ActiveCfg = Debug|Any CPU
		{359FB32F-DC3E-4A98-80F2-B049B9A71D1F}.Ad-Hoc|iPhone.Build.0 = Debug|Any CPU
		{359FB32F-DC3E-4A98-80F2-B049B9A71D1F}.AppStore|iPhone.ActiveCfg = Debug|Any CPU
		{359FB32F-DC3E-4A98-80F2-B049B9A71D1F}.AppStore|iPhone.Build.0 = Debug|Any CPU
		{6B243D2C-B96B-4977-9A38-B7FD94A2436D}.Debug|Any CPU.ActiveCfg = Debug|iPhoneSimulator
		{6B243D2C-B96B-4977-9A38-B7FD94A2436D}.Debug|Any CPU.Build.0 = Debug|iPhoneSimulator
		{6B243D2C-B96B-4977-9A38-B7FD94A2436D}.Release|Any CPU.ActiveCfg = Release|iPhoneSimulator
		{6B243D2C-B96B-4977-9A38-B7FD94A2436D}.Release|Any CPU.Build.0 = Release|iPhoneSimulator
		{6B243D2C-B96B-4977-9A38-B7FD94A2436D}.Debug|iPhoneSimulator.ActiveCfg = Debug|iPhoneSimulator
		{6B243D2C-B96B-4977-9A38-B7FD94A2436D}.Debug|iPhoneSimulator.Build.0 = Debug|iPhoneSimulator
		{6B243D2C-B96B-4977-9A38-B7FD94A2436D}.Release|iPhoneSimulator.ActiveCfg = Release|iPhoneSimulator
		{6B243D2C-B96B-4977-9A38-B7FD94A2436D}.Release|iPhoneSimulator.Build.0 = Release|iPhoneSimulator
		{6B243D2C-B96B-4977-9A38-B7FD94A2436D}.Debug|iPhone.ActiveCfg = Debug|iPhone
		{6B243D2C-B96B-4977-9A38-B7FD94A2436D}.Debug|iPhone.Build.0 = Debug|iPhone
		{6B243D2C-B96B-4977-9A38-B7FD94A2436D}.Release|iPhone.ActiveCfg = Release|iPhone
		{6B243D2C-B96B-4977-9A38-B7FD94A2436D}.Release|iPhone.Build.0 = Release|iPhone
		{6B243D2C-B96B-4977-9A38-B7FD94A2436D}.Ad-Hoc|iPhone.ActiveCfg = Ad-Hoc|iPhone
		{6B243D2C-B96B-4977-9A38-B7FD94A2436D}.Ad-Hoc|iPhone.Build.0 = Ad-Hoc|iPhone
		{6B243D2C-B96B-4977-9A38-B7FD94A2436D}.AppStore|iPhone.ActiveCfg = AppStore|iPhone
		{6B243D2C-B96B-4977-9A38-B7FD94A2436D}.AppStore|iPhone.Build.0 = AppStore|iPhone
		{B19C892E-2628-4CA7-AD27-08D406A3B14B}.Debug|Any CPU.ActiveCfg = Debug|Any CPU
		{B19C892E-2628-4CA7-AD27-08D406A3B14B}.Debug|Any CPU.Build.0 = Debug|Any CPU
		{B19C892E-2628-4CA7-AD27-08D406A3B14B}.Release|Any CPU.ActiveCfg = Release|Any CPU
		{B19C892E-2628-4CA7-AD27-08D406A3B14B}.Release|Any CPU.Build.0 = Release|Any CPU
		{B19C892E-2628-4CA7-AD27-08D406A3B14B}.Debug|iPhoneSimulator.ActiveCfg = Debug|Any CPU
		{B19C892E-2628-4CA7-AD27-08D406A3B14B}.Debug|iPhoneSimulator.Build.0 = Debug|Any CPU
		{B19C892E-2628-4CA7-AD27-08D406A3B14B}.Release|iPhoneSimulator.ActiveCfg = Release|Any CPU
		{B19C892E-2628-4CA7-AD27-08D406A3B14B}.Release|iPhoneSimulator.Build.0 = Release|Any CPU
		{B19C892E-2628-4CA7-AD27-08D406A3B14B}.Debug|iPhone.ActiveCfg = Debug|Any CPU
		{B19C892E-2628-4CA7-AD27-08D406A3B14B}.Debug|iPhone.Build.0 = Debug|Any CPU
		{B19C892E-2628-4CA7-AD27-08D406A3B14B}.Release|iPhone.ActiveCfg = Release|Any CPU
		{B19C892E-2628-4CA7-AD27-08D406A3B14B}.Release|iPhone.Build.0 = Release|Any CPU
		{B19C892E-2628-4CA7-AD27-08D406A3B14B}.Ad-Hoc|iPhone.ActiveCfg = Debug|Any CPU
		{B19C892E-2628-4CA7-AD27-08D406A3B14B}.Ad-Hoc|iPhone.Build.0 = Debug|Any CPU
		{B19C892E-2628-4CA7-AD27-08D406A3B14B}.AppStore|iPhone.ActiveCfg = Debug|Any CPU
		{B19C892E-2628-4CA7-AD27-08D406A3B14B}.AppStore|iPhone.Build.0 = Debug|Any CPU
		{1D28EB58-6183-4362-8851-F5246E1F9B4F}.Debug|Any CPU.ActiveCfg = Debug|Any CPU
		{1D28EB58-6183-4362-8851-F5246E1F9B4F}.Debug|Any CPU.Build.0 = Debug|Any CPU
		{1D28EB58-6183-4362-8851-F5246E1F9B4F}.Release|Any CPU.ActiveCfg = Release|Any CPU
		{1D28EB58-6183-4362-8851-F5246E1F9B4F}.Release|Any CPU.Build.0 = Release|Any CPU
		{1D28EB58-6183-4362-8851-F5246E1F9B4F}.Debug|iPhoneSimulator.ActiveCfg = Debug|Any CPU
		{1D28EB58-6183-4362-8851-F5246E1F9B4F}.Debug|iPhoneSimulator.Build.0 = Debug|Any CPU
		{1D28EB58-6183-4362-8851-F5246E1F9B4F}.Release|iPhoneSimulator.ActiveCfg = Release|Any CPU
		{1D28EB58-6183-4362-8851-F5246E1F9B4F}.Release|iPhoneSimulator.Build.0 = Release|Any CPU
		{1D28EB58-6183-4362-8851-F5246E1F9B4F}.Debug|iPhone.ActiveCfg = Debug|Any CPU
		{1D28EB58-6183-4362-8851-F5246E1F9B4F}.Debug|iPhone.Build.0 = Debug|Any CPU
		{1D28EB58-6183-4362-8851-F5246E1F9B4F}.Release|iPhone.ActiveCfg = Release|Any CPU
		{1D28EB58-6183-4362-8851-F5246E1F9B4F}.Release|iPhone.Build.0 = Release|Any CPU
		{1D28EB58-6183-4362-8851-F5246E1F9B4F}.Ad-Hoc|iPhone.ActiveCfg = Debug|Any CPU
		{1D28EB58-6183-4362-8851-F5246E1F9B4F}.Ad-Hoc|iPhone.Build.0 = Debug|Any CPU
		{1D28EB58-6183-4362-8851-F5246E1F9B4F}.AppStore|iPhone.ActiveCfg = Debug|Any CPU
		{1D28EB58-6183-4362-8851-F5246E1F9B4F}.AppStore|iPhone.Build.0 = Debug|Any CPU
	EndGlobalSection
EndGlobal
